
Microsoft Visual Studio Solution File, Format Version 12.00
# Visual Studio Version 17
VisualStudioVersion = 17.3.32929.385
MinimumVisualStudioVersion = 10.0.40219.1
Project("{FAE04EC0-301F-11D3-BF4B-00C04F79EFBC}") = "WebAdvert.Web", "WebAdvert.Web.csproj", "{61A54073-AFEB-44A7-8435-5D2C5D25716D}"
EndProject
Global
	GlobalSection(SolutionConfigurationPlatforms) = preSolution
		Debug|Any CPU = Debug|Any CPU
		Release|Any CPU = Release|Any CPU
	EndGlobalSection
	GlobalSection(ProjectConfigurationPlatforms) = postSolution
		{61A54073-AFEB-44A7-8435-5D2C5D25716D}.Debug|Any CPU.ActiveCfg = Debug|Any CPU
		{61A54073-AFEB-44A7-8435-5D2C5D25716D}.Debug|Any CPU.Build.0 = Debug|Any CPU
		{61A54073-AFEB-44A7-8435-5D2C5D25716D}.Release|Any CPU.ActiveCfg = Release|Any CPU
		{61A54073-AFEB-44A7-8435-5D2C5D25716D}.Release|Any CPU.Build.0 = Release|Any CPU
	EndGlobalSection
	GlobalSection(SolutionProperties) = preSolution
		HideSolutionNode = FALSE
	EndGlobalSection
	GlobalSection(ExtensibilityGlobals) = postSolution
		SolutionGuid = {086E7E7F-1451-4519-AC2D-89CFDEC72B61}
	EndGlobalSection
EndGlobal
